// !$*UTF8*$!
{
	archiveVersion = 1;
	classes = {
	};
	objectVersion = 46;
	objects = {

/* Begin PBXBuildFile section */
		550807761484ADEC009E126E /* FastCell.m in Sources */ = {isa = PBXBuildFile; fileRef = 550807731484ADEC009E126E /* FastCell.m */; };
		550807771484ADEC009E126E /* VariableHeightCell.m in Sources */ = {isa = PBXBuildFile; fileRef = 550807751484ADEC009E126E /* VariableHeightCell.m */; };
		5509E24C147BA634009498A4 /* UIKit.framework in Frameworks */ = {isa = PBXBuildFile; fileRef = 5509E24B147BA634009498A4 /* UIKit.framework */; };
		5509E24E147BA634009498A4 /* Foundation.framework in Frameworks */ = {isa = PBXBuildFile; fileRef = 5509E24D147BA634009498A4 /* Foundation.framework */; };
		5509E250147BA634009498A4 /* CoreGraphics.framework in Frameworks */ = {isa = PBXBuildFile; fileRef = 5509E24F147BA634009498A4 /* CoreGraphics.framework */; };
		5509E256147BA634009498A4 /* InfoPlist.strings in Resources */ = {isa = PBXBuildFile; fileRef = 5509E254147BA634009498A4 /* InfoPlist.strings */; };
		5509E258147BA634009498A4 /* main.m in Sources */ = {isa = PBXBuildFile; fileRef = 5509E257147BA634009498A4 /* main.m */; };
		5509E25C147BA634009498A4 /* AppDelegate.m in Sources */ = {isa = PBXBuildFile; fileRef = 5509E25B147BA634009498A4 /* AppDelegate.m */; };
		5509E25F147BA634009498A4 /* FirstViewController.m in Sources */ = {isa = PBXBuildFile; fileRef = 5509E25E147BA634009498A4 /* FirstViewController.m */; };
		5509E261147BA634009498A4 /* first.png in Resources */ = {isa = PBXBuildFile; fileRef = 5509E260147BA634009498A4 /* first.png */; };
		5509E263147BA634009498A4 /* first@2x.png in Resources */ = {isa = PBXBuildFile; fileRef = 5509E262147BA634009498A4 /* first@2x.png */; };
		5509E266147BA634009498A4 /* SecondViewController.m in Sources */ = {isa = PBXBuildFile; fileRef = 5509E265147BA634009498A4 /* SecondViewController.m */; };
		5509E268147BA634009498A4 /* second.png in Resources */ = {isa = PBXBuildFile; fileRef = 5509E267147BA634009498A4 /* second.png */; };
		5509E26A147BA634009498A4 /* second@2x.png in Resources */ = {isa = PBXBuildFile; fileRef = 5509E269147BA634009498A4 /* second@2x.png */; };
		5509E26D147BA634009498A4 /* FirstViewController.xib in Resources */ = {isa = PBXBuildFile; fileRef = 5509E26B147BA634009498A4 /* FirstViewController.xib */; };
		5509E270147BA634009498A4 /* SecondViewController.xib in Resources */ = {isa = PBXBuildFile; fileRef = 5509E26E147BA634009498A4 /* SecondViewController.xib */; };
		5509E2A2147BA946009498A4 /* libRestKitCoreData.a in Frameworks */ = {isa = PBXBuildFile; fileRef = 5509E29B147BA79D009498A4 /* libRestKitCoreData.a */; };
		5509E2A3147BA946009498A4 /* libRestKitJSONParserJSONKit.a in Frameworks */ = {isa = PBXBuildFile; fileRef = 5509E297147BA79D009498A4 /* libRestKitJSONParserJSONKit.a */; };
		5509E2A4147BA946009498A4 /* libRestKitNetwork.a in Frameworks */ = {isa = PBXBuildFile; fileRef = 5509E28B147BA79D009498A4 /* libRestKitNetwork.a */; };
		5509E2A5147BA946009498A4 /* libRestKitObjectMapping.a in Frameworks */ = {isa = PBXBuildFile; fileRef = 5509E28D147BA79D009498A4 /* libRestKitObjectMapping.a */; };
		5509E2A6147BA946009498A4 /* libRestKitSupport.a in Frameworks */ = {isa = PBXBuildFile; fileRef = 5509E28F147BA79D009498A4 /* libRestKitSupport.a */; };
		5509E2A7147BA946009498A4 /* libRestKitXMLParserLibxml.a in Frameworks */ = {isa = PBXBuildFile; fileRef = 5509E299147BA79D009498A4 /* libRestKitXMLParserLibxml.a */; };
		5509E2AB147BA97D009498A4 /* libxml2.dylib in Frameworks */ = {isa = PBXBuildFile; fileRef = 5509E2A8147BA97D009498A4 /* libxml2.dylib */; };
		5509E2AC147BA97D009498A4 /* MobileCoreServices.framework in Frameworks */ = {isa = PBXBuildFile; fileRef = 5509E2A9147BA97D009498A4 /* MobileCoreServices.framework */; };
		5509E2AD147BA97D009498A4 /* SystemConfiguration.framework in Frameworks */ = {isa = PBXBuildFile; fileRef = 5509E2AA147BA97D009498A4 /* SystemConfiguration.framework */; };
		5509E2AF147BA996009498A4 /* CFNetwork.framework in Frameworks */ = {isa = PBXBuildFile; fileRef = 5509E2AE147BA996009498A4 /* CFNetwork.framework */; };
		5509E2B1147BA9A3009498A4 /* CoreData.framework in Frameworks */ = {isa = PBXBuildFile; fileRef = 5509E2B0147BA9A3009498A4 /* CoreData.framework */; };
		5527DB4F147F9FEB009883EB /* Blue.png in Resources */ = {isa = PBXBuildFile; fileRef = 5527DB44147F9FEB009883EB /* Blue.png */; };
		5527DB50147F9FEB009883EB /* Blue@2x.png in Resources */ = {isa = PBXBuildFile; fileRef = 5527DB45147F9FEB009883EB /* Blue@2x.png */; };
		5527DB51147F9FEB009883EB /* MKInfoPanel.m in Sources */ = {isa = PBXBuildFile; fileRef = 5527DB47147F9FEB009883EB /* MKInfoPanel.m */; settings = {COMPILER_FLAGS = "-fno-objc-arc"; }; };
		5527DB52147F9FEB009883EB /* MKInfoPanel.xib in Resources */ = {isa = PBXBuildFile; fileRef = 5527DB48147F9FEB009883EB /* MKInfoPanel.xib */; };
		5527DB53147F9FEB009883EB /* Red.png in Resources */ = {isa = PBXBuildFile; fileRef = 5527DB49147F9FEB009883EB /* Red.png */; };
		5527DB54147F9FEB009883EB /* Red@2x.png in Resources */ = {isa = PBXBuildFile; fileRef = 5527DB4A147F9FEB009883EB /* Red@2x.png */; };
		5527DB55147F9FEB009883EB /* Tick.png in Resources */ = {isa = PBXBuildFile; fileRef = 5527DB4B147F9FEB009883EB /* Tick.png */; };
		5527DB56147F9FEB009883EB /* Tick@2x.png in Resources */ = {isa = PBXBuildFile; fileRef = 5527DB4C147F9FEB009883EB /* Tick@2x.png */; };
		5527DB57147F9FEB009883EB /* Warning.png in Resources */ = {isa = PBXBuildFile; fileRef = 5527DB4D147F9FEB009883EB /* Warning.png */; };
		5527DB58147F9FEB009883EB /* Warning@2x.png in Resources */ = {isa = PBXBuildFile; fileRef = 5527DB4E147F9FEB009883EB /* Warning@2x.png */; };
		5527DB5A147FA024009883EB /* QuartzCore.framework in Frameworks */ = {isa = PBXBuildFile; fileRef = 5527DB59147FA024009883EB /* QuartzCore.framework */; };
		5527DB62147FADDB009883EB /* PullRefreshTableViewController.m in Sources */ = {isa = PBXBuildFile; fileRef = 5527DB61147FADDB009883EB /* PullRefreshTableViewController.m */; settings = {COMPILER_FLAGS = "-fno-objc-arc"; }; };
		5527DB64147FADF7009883EB /* arrow.png in Resources */ = {isa = PBXBuildFile; fileRef = 5527DB63147FADF7009883EB /* arrow.png */; };
		55B7257414834CC6006A93A7 /* User.m in Sources */ = {isa = PBXBuildFile; fileRef = 55B7257314834CC6006A93A7 /* User.m */; };
		55B7257714834CC7006A93A7 /* Tweet.m in Sources */ = {isa = PBXBuildFile; fileRef = 55B7257614834CC7006A93A7 /* Tweet.m */; };
		55B7257F1483827B006A93A7 /* Icon-72.png in Resources */ = {isa = PBXBuildFile; fileRef = 55B725791483827B006A93A7 /* Icon-72.png */; };
		55B725801483827B006A93A7 /* Icon-Small-50.png in Resources */ = {isa = PBXBuildFile; fileRef = 55B7257A1483827B006A93A7 /* Icon-Small-50.png */; };
		55B725811483827B006A93A7 /* Icon-Small.png in Resources */ = {isa = PBXBuildFile; fileRef = 55B7257B1483827B006A93A7 /* Icon-Small.png */; };
		55B725821483827B006A93A7 /* Icon-Small@2x.png in Resources */ = {isa = PBXBuildFile; fileRef = 55B7257C1483827B006A93A7 /* Icon-Small@2x.png */; };
		55B725831483827B006A93A7 /* Icon.png in Resources */ = {isa = PBXBuildFile; fileRef = 55B7257D1483827B006A93A7 /* Icon.png */; };
		55B725841483827B006A93A7 /* Icon@2x.png in Resources */ = {isa = PBXBuildFile; fileRef = 55B7257E1483827B006A93A7 /* Icon@2x.png */; };
		55B725D61483AB4A006A93A7 /* tab_bg.png in Resources */ = {isa = PBXBuildFile; fileRef = 55B725D51483AB4A006A93A7 /* tab_bg.png */; };
		55F4EFFC147E52FC00314E2F /* Foo.xcdatamodeld in Sources */ = {isa = PBXBuildFile; fileRef = 55F4EFFA147E52FC00314E2F /* Foo.xcdatamodeld */; };
/* End PBXBuildFile section */

/* Begin PBXContainerItemProxy section */
		5509E28A147BA79D009498A4 /* PBXContainerItemProxy */ = {
			isa = PBXContainerItemProxy;
			containerPortal = 5509E276147BA79C009498A4 /* RestKit.xcodeproj */;
			proxyType = 2;
			remoteGlobalIDString = 253A07FC1255161B00976E89;
			remoteInfo = RestKitNetwork;
		};
		5509E28C147BA79D009498A4 /* PBXContainerItemProxy */ = {
			isa = PBXContainerItemProxy;
			containerPortal = 5509E276147BA79C009498A4 /* RestKit.xcodeproj */;
			proxyType = 2;
			remoteGlobalIDString = 253A08031255162C00976E89;
			remoteInfo = RestKitObjectMapping;
		};
		5509E28E147BA79D009498A4 /* PBXContainerItemProxy */ = {
			isa = PBXContainerItemProxy;
			containerPortal = 5509E276147BA79C009498A4 /* RestKit.xcodeproj */;
			proxyType = 2;
			remoteGlobalIDString = 253A080C12551D3000976E89;
			remoteInfo = RestKitSupport;
		};
		5509E290147BA79D009498A4 /* PBXContainerItemProxy */ = {
			isa = PBXContainerItemProxy;
			containerPortal = 5509E276147BA79C009498A4 /* RestKit.xcodeproj */;
			proxyType = 2;
			remoteGlobalIDString = 20808DBD13DE8CDC000A156A;
			remoteInfo = "RestKitJSONParser+NXJSON";
		};
		5509E292147BA79D009498A4 /* PBXContainerItemProxy */ = {
			isa = PBXContainerItemProxy;
			containerPortal = 5509E276147BA79C009498A4 /* RestKit.xcodeproj */;
			proxyType = 2;
			remoteGlobalIDString = 2590E64F125231F600531FA8;
			remoteInfo = "RestKitJSONParser+YAJL";
		};
		5509E294147BA79D009498A4 /* PBXContainerItemProxy */ = {
			isa = PBXContainerItemProxy;
			containerPortal = 5509E276147BA79C009498A4 /* RestKit.xcodeproj */;
			proxyType = 2;
			remoteGlobalIDString = 2590E66B1252353700531FA8;
			remoteInfo = "RestKitJSONParser+SBJSON";
		};
		5509E296147BA79D009498A4 /* PBXContainerItemProxy */ = {
			isa = PBXContainerItemProxy;
			containerPortal = 5509E276147BA79C009498A4 /* RestKit.xcodeproj */;
			proxyType = 2;
			remoteGlobalIDString = 73057FD11331AD2E001908EE;
			remoteInfo = "RestKitJSONParser+JSONKit";
		};
		5509E298147BA79D009498A4 /* PBXContainerItemProxy */ = {
			isa = PBXContainerItemProxy;
			containerPortal = 5509E276147BA79C009498A4 /* RestKit.xcodeproj */;
			proxyType = 2;
			remoteGlobalIDString = 25BD43BD1340315800DBACDD;
			remoteInfo = "RestKitXMLParser+Libxml";
		};
		5509E29A147BA79D009498A4 /* PBXContainerItemProxy */ = {
			isa = PBXContainerItemProxy;
			containerPortal = 5509E276147BA79C009498A4 /* RestKit.xcodeproj */;
			proxyType = 2;
			remoteGlobalIDString = 253A081412551D5300976E89;
			remoteInfo = RestKitCoreData;
		};
		5509E29C147BA79D009498A4 /* PBXContainerItemProxy */ = {
			isa = PBXContainerItemProxy;
			containerPortal = 5509E276147BA79C009498A4 /* RestKit.xcodeproj */;
			proxyType = 2;
			remoteGlobalIDString = 2523360511E79F090048F9B4;
			remoteInfo = RestKitThree20;
		};
		5509E29E147BA79D009498A4 /* PBXContainerItemProxy */ = {
			isa = PBXContainerItemProxy;
			containerPortal = 5509E276147BA79C009498A4 /* RestKit.xcodeproj */;
			proxyType = 2;
			remoteGlobalIDString = 3F6C39A510FE5C95008F47C5;
			remoteInfo = "RestKit Specs";
		};
		5509E2A0147BA8D9009498A4 /* PBXContainerItemProxy */ = {
			isa = PBXContainerItemProxy;
			containerPortal = 5509E276147BA79C009498A4 /* RestKit.xcodeproj */;
			proxyType = 1;
			remoteGlobalIDString = 255B7588133BABBF00ED76AD;
			remoteInfo = RestKit;
		};
/* End PBXContainerItemProxy section */

/* Begin PBXFileReference section */
		550807721484ADEC009E126E /* FastCell.h */ = {isa = PBXFileReference; fileEncoding = 4; lastKnownFileType = sourcecode.c.h; path = FastCell.h; sourceTree = "<group>"; };
		550807731484ADEC009E126E /* FastCell.m */ = {isa = PBXFileReference; fileEncoding = 4; lastKnownFileType = sourcecode.c.objc; path = FastCell.m; sourceTree = "<group>"; };
		550807741484ADEC009E126E /* VariableHeightCell.h */ = {isa = PBXFileReference; fileEncoding = 4; lastKnownFileType = sourcecode.c.h; path = VariableHeightCell.h; sourceTree = "<group>"; };
		550807751484ADEC009E126E /* VariableHeightCell.m */ = {isa = PBXFileReference; fileEncoding = 4; lastKnownFileType = sourcecode.c.objc; path = VariableHeightCell.m; sourceTree = "<group>"; };
		5509E247147BA634009498A4 /* Foo.app */ = {isa = PBXFileReference; explicitFileType = wrapper.application; includeInIndex = 0; path = Foo.app; sourceTree = BUILT_PRODUCTS_DIR; };
		5509E24B147BA634009498A4 /* UIKit.framework */ = {isa = PBXFileReference; lastKnownFileType = wrapper.framework; name = UIKit.framework; path = System/Library/Frameworks/UIKit.framework; sourceTree = SDKROOT; };
		5509E24D147BA634009498A4 /* Foundation.framework */ = {isa = PBXFileReference; lastKnownFileType = wrapper.framework; name = Foundation.framework; path = System/Library/Frameworks/Foundation.framework; sourceTree = SDKROOT; };
		5509E24F147BA634009498A4 /* CoreGraphics.framework */ = {isa = PBXFileReference; lastKnownFileType = wrapper.framework; name = CoreGraphics.framework; path = System/Library/Frameworks/CoreGraphics.framework; sourceTree = SDKROOT; };
		5509E253147BA634009498A4 /* Foo-Info.plist */ = {isa = PBXFileReference; lastKnownFileType = text.plist.xml; path = "Foo-Info.plist"; sourceTree = "<group>"; };
		5509E255147BA634009498A4 /* en */ = {isa = PBXFileReference; lastKnownFileType = text.plist.strings; name = en; path = en.lproj/InfoPlist.strings; sourceTree = "<group>"; };
		5509E257147BA634009498A4 /* main.m */ = {isa = PBXFileReference; lastKnownFileType = sourcecode.c.objc; path = main.m; sourceTree = "<group>"; };
		5509E259147BA634009498A4 /* Foo-Prefix.pch */ = {isa = PBXFileReference; lastKnownFileType = sourcecode.c.h; path = "Foo-Prefix.pch"; sourceTree = "<group>"; };
		5509E25A147BA634009498A4 /* AppDelegate.h */ = {isa = PBXFileReference; lastKnownFileType = sourcecode.c.h; path = AppDelegate.h; sourceTree = "<group>"; };
		5509E25B147BA634009498A4 /* AppDelegate.m */ = {isa = PBXFileReference; lastKnownFileType = sourcecode.c.objc; path = AppDelegate.m; sourceTree = "<group>"; };
		5509E25D147BA634009498A4 /* FirstViewController.h */ = {isa = PBXFileReference; lastKnownFileType = sourcecode.c.h; path = FirstViewController.h; sourceTree = "<group>"; };
		5509E25E147BA634009498A4 /* FirstViewController.m */ = {isa = PBXFileReference; lastKnownFileType = sourcecode.c.objc; path = FirstViewController.m; sourceTree = "<group>"; };
		5509E260147BA634009498A4 /* first.png */ = {isa = PBXFileReference; lastKnownFileType = image.png; path = first.png; sourceTree = "<group>"; };
		5509E262147BA634009498A4 /* first@2x.png */ = {isa = PBXFileReference; lastKnownFileType = image.png; path = "first@2x.png"; sourceTree = "<group>"; };
		5509E264147BA634009498A4 /* SecondViewController.h */ = {isa = PBXFileReference; lastKnownFileType = sourcecode.c.h; path = SecondViewController.h; sourceTree = "<group>"; };
		5509E265147BA634009498A4 /* SecondViewController.m */ = {isa = PBXFileReference; lastKnownFileType = sourcecode.c.objc; path = SecondViewController.m; sourceTree = "<group>"; };
		5509E267147BA634009498A4 /* second.png */ = {isa = PBXFileReference; lastKnownFileType = image.png; path = second.png; sourceTree = "<group>"; };
		5509E269147BA634009498A4 /* second@2x.png */ = {isa = PBXFileReference; lastKnownFileType = image.png; path = "second@2x.png"; sourceTree = "<group>"; };
		5509E26C147BA634009498A4 /* en */ = {isa = PBXFileReference; lastKnownFileType = file.xib; name = en; path = en.lproj/FirstViewController.xib; sourceTree = "<group>"; };
		5509E26F147BA634009498A4 /* en */ = {isa = PBXFileReference; lastKnownFileType = file.xib; name = en; path = en.lproj/SecondViewController.xib; sourceTree = "<group>"; };
		5509E276147BA79C009498A4 /* RestKit.xcodeproj */ = {isa = PBXFileReference; lastKnownFileType = "wrapper.pb-project"; name = RestKit.xcodeproj; path = RestKit/RestKit.xcodeproj; sourceTree = "<group>"; };
		5509E2A8147BA97D009498A4 /* libxml2.dylib */ = {isa = PBXFileReference; lastKnownFileType = "compiled.mach-o.dylib"; name = libxml2.dylib; path = usr/lib/libxml2.dylib; sourceTree = SDKROOT; };
		5509E2A9147BA97D009498A4 /* MobileCoreServices.framework */ = {isa = PBXFileReference; lastKnownFileType = wrapper.framework; name = MobileCoreServices.framework; path = System/Library/Frameworks/MobileCoreServices.framework; sourceTree = SDKROOT; };
		5509E2AA147BA97D009498A4 /* SystemConfiguration.framework */ = {isa = PBXFileReference; lastKnownFileType = wrapper.framework; name = SystemConfiguration.framework; path = System/Library/Frameworks/SystemConfiguration.framework; sourceTree = SDKROOT; };
		5509E2AE147BA996009498A4 /* CFNetwork.framework */ = {isa = PBXFileReference; lastKnownFileType = wrapper.framework; name = CFNetwork.framework; path = System/Library/Frameworks/CFNetwork.framework; sourceTree = SDKROOT; };
		5509E2B0147BA9A3009498A4 /* CoreData.framework */ = {isa = PBXFileReference; lastKnownFileType = wrapper.framework; name = CoreData.framework; path = System/Library/Frameworks/CoreData.framework; sourceTree = SDKROOT; };
		5527DB44147F9FEB009883EB /* Blue.png */ = {isa = PBXFileReference; lastKnownFileType = image.png; path = Blue.png; sourceTree = "<group>"; };
		5527DB45147F9FEB009883EB /* Blue@2x.png */ = {isa = PBXFileReference; lastKnownFileType = image.png; path = "Blue@2x.png"; sourceTree = "<group>"; };
		5527DB46147F9FEB009883EB /* MKInfoPanel.h */ = {isa = PBXFileReference; fileEncoding = 4; lastKnownFileType = sourcecode.c.h; path = MKInfoPanel.h; sourceTree = "<group>"; };
		5527DB47147F9FEB009883EB /* MKInfoPanel.m */ = {isa = PBXFileReference; fileEncoding = 4; lastKnownFileType = sourcecode.c.objc; path = MKInfoPanel.m; sourceTree = "<group>"; };
		5527DB48147F9FEB009883EB /* MKInfoPanel.xib */ = {isa = PBXFileReference; fileEncoding = 4; lastKnownFileType = file.xib; path = MKInfoPanel.xib; sourceTree = "<group>"; };
		5527DB49147F9FEB009883EB /* Red.png */ = {isa = PBXFileReference; lastKnownFileType = image.png; path = Red.png; sourceTree = "<group>"; };
		5527DB4A147F9FEB009883EB /* Red@2x.png */ = {isa = PBXFileReference; lastKnownFileType = image.png; path = "Red@2x.png"; sourceTree = "<group>"; };
		5527DB4B147F9FEB009883EB /* Tick.png */ = {isa = PBXFileReference; lastKnownFileType = image.png; path = Tick.png; sourceTree = "<group>"; };
		5527DB4C147F9FEB009883EB /* Tick@2x.png */ = {isa = PBXFileReference; lastKnownFileType = image.png; path = "Tick@2x.png"; sourceTree = "<group>"; };
		5527DB4D147F9FEB009883EB /* Warning.png */ = {isa = PBXFileReference; lastKnownFileType = image.png; path = Warning.png; sourceTree = "<group>"; };
		5527DB4E147F9FEB009883EB /* Warning@2x.png */ = {isa = PBXFileReference; lastKnownFileType = image.png; path = "Warning@2x.png"; sourceTree = "<group>"; };
		5527DB59147FA024009883EB /* QuartzCore.framework */ = {isa = PBXFileReference; lastKnownFileType = wrapper.framework; name = QuartzCore.framework; path = System/Library/Frameworks/QuartzCore.framework; sourceTree = SDKROOT; };
		5527DB60147FADDB009883EB /* PullRefreshTableViewController.h */ = {isa = PBXFileReference; fileEncoding = 4; lastKnownFileType = sourcecode.c.h; path = PullRefreshTableViewController.h; sourceTree = "<group>"; };
		5527DB61147FADDB009883EB /* PullRefreshTableViewController.m */ = {isa = PBXFileReference; fileEncoding = 4; lastKnownFileType = sourcecode.c.objc; path = PullRefreshTableViewController.m; sourceTree = "<group>"; };
		5527DB63147FADF7009883EB /* arrow.png */ = {isa = PBXFileReference; lastKnownFileType = image.png; path = arrow.png; sourceTree = "<group>"; };
		55B7257214834CC6006A93A7 /* User.h */ = {isa = PBXFileReference; fileEncoding = 4; lastKnownFileType = sourcecode.c.h; path = User.h; sourceTree = "<group>"; };
		55B7257314834CC6006A93A7 /* User.m */ = {isa = PBXFileReference; fileEncoding = 4; lastKnownFileType = sourcecode.c.objc; path = User.m; sourceTree = "<group>"; };
		55B7257514834CC7006A93A7 /* Tweet.h */ = {isa = PBXFileReference; fileEncoding = 4; lastKnownFileType = sourcecode.c.h; path = Tweet.h; sourceTree = "<group>"; };
		55B7257614834CC7006A93A7 /* Tweet.m */ = {isa = PBXFileReference; fileEncoding = 4; lastKnownFileType = sourcecode.c.objc; path = Tweet.m; sourceTree = "<group>"; };
		55B725791483827B006A93A7 /* Icon-72.png */ = {isa = PBXFileReference; lastKnownFileType = image.png; path = "Icon-72.png"; sourceTree = "<group>"; };
		55B7257A1483827B006A93A7 /* Icon-Small-50.png */ = {isa = PBXFileReference; lastKnownFileType = image.png; path = "Icon-Small-50.png"; sourceTree = "<group>"; };
		55B7257B1483827B006A93A7 /* Icon-Small.png */ = {isa = PBXFileReference; lastKnownFileType = image.png; path = "Icon-Small.png"; sourceTree = "<group>"; };
		55B7257C1483827B006A93A7 /* Icon-Small@2x.png */ = {isa = PBXFileReference; lastKnownFileType = image.png; path = "Icon-Small@2x.png"; sourceTree = "<group>"; };
		55B7257D1483827B006A93A7 /* Icon.png */ = {isa = PBXFileReference; lastKnownFileType = image.png; path = Icon.png; sourceTree = "<group>"; };
		55B7257E1483827B006A93A7 /* Icon@2x.png */ = {isa = PBXFileReference; lastKnownFileType = image.png; path = "Icon@2x.png"; sourceTree = "<group>"; };
		55B725D51483AB4A006A93A7 /* tab_bg.png */ = {isa = PBXFileReference; lastKnownFileType = image.png; path = tab_bg.png; sourceTree = "<group>"; };
		55F4EFFB147E52FC00314E2F /* Foo.xcdatamodel */ = {isa = PBXFileReference; lastKnownFileType = wrapper.xcdatamodel; path = Foo.xcdatamodel; sourceTree = "<group>"; };
		55F4EFFD147E545700314E2F /* Foo 2.xcdatamodel */ = {isa = PBXFileReference; lastKnownFileType = wrapper.xcdatamodel; path = "Foo 2.xcdatamodel"; sourceTree = "<group>"; };
/* End PBXFileReference section */

/* Begin PBXFrameworksBuildPhase section */
		5509E244147BA634009498A4 /* Frameworks */ = {
			isa = PBXFrameworksBuildPhase;
			buildActionMask = 2147483647;
			files = (
				5527DB5A147FA024009883EB /* QuartzCore.framework in Frameworks */,
				5509E2B1147BA9A3009498A4 /* CoreData.framework in Frameworks */,
				5509E2AF147BA996009498A4 /* CFNetwork.framework in Frameworks */,
				5509E2AB147BA97D009498A4 /* libxml2.dylib in Frameworks */,
				5509E2AC147BA97D009498A4 /* MobileCoreServices.framework in Frameworks */,
				5509E2AD147BA97D009498A4 /* SystemConfiguration.framework in Frameworks */,
				5509E2A2147BA946009498A4 /* libRestKitCoreData.a in Frameworks */,
				5509E2A3147BA946009498A4 /* libRestKitJSONParserJSONKit.a in Frameworks */,
				5509E2A4147BA946009498A4 /* libRestKitNetwork.a in Frameworks */,
				5509E2A5147BA946009498A4 /* libRestKitObjectMapping.a in Frameworks */,
				5509E2A6147BA946009498A4 /* libRestKitSupport.a in Frameworks */,
				5509E2A7147BA946009498A4 /* libRestKitXMLParserLibxml.a in Frameworks */,
				5509E24C147BA634009498A4 /* UIKit.framework in Frameworks */,
				5509E24E147BA634009498A4 /* Foundation.framework in Frameworks */,
				5509E250147BA634009498A4 /* CoreGraphics.framework in Frameworks */,
			);
			runOnlyForDeploymentPostprocessing = 0;
		};
/* End PBXFrameworksBuildPhase section */

/* Begin PBXGroup section */
		550807781484ADF1009E126E /* Custom Table View Cells */ = {
			isa = PBXGroup;
			children = (
				550807721484ADEC009E126E /* FastCell.h */,
				550807731484ADEC009E126E /* FastCell.m */,
				550807741484ADEC009E126E /* VariableHeightCell.h */,
				550807751484ADEC009E126E /* VariableHeightCell.m */,
			);
			name = "Custom Table View Cells";
			sourceTree = "<group>";
		};
		550807791484AE0E009E126E /* Helper Classes */ = {
			isa = PBXGroup;
			children = (
				550807781484ADF1009E126E /* Custom Table View Cells */,
				5527DB5F147FADBE009883EB /* Leah's Pull to Refresh */,
				5527DB43147F9FEB009883EB /* MKInfoBundle */,
			);
			name = "Helper Classes";
			sourceTree = "<group>";
		};
		5509E23C147BA634009498A4 = {
			isa = PBXGroup;
			children = (
				5509E276147BA79C009498A4 /* RestKit.xcodeproj */,
				5509E251147BA634009498A4 /* Foo */,
				5509E24A147BA634009498A4 /* Frameworks */,
				5509E248147BA634009498A4 /* Products */,
			);
			sourceTree = "<group>";
		};
		5509E248147BA634009498A4 /* Products */ = {
			isa = PBXGroup;
			children = (
				5509E247147BA634009498A4 /* Foo.app */,
			);
			name = Products;
			sourceTree = "<group>";
		};
		5509E24A147BA634009498A4 /* Frameworks */ = {
			isa = PBXGroup;
			children = (
				5509E2A8147BA97D009498A4 /* libxml2.dylib */,
				5527DB59147FA024009883EB /* QuartzCore.framework */,
				5509E2B0147BA9A3009498A4 /* CoreData.framework */,
				5509E2AE147BA996009498A4 /* CFNetwork.framework */,
				5509E2A9147BA97D009498A4 /* MobileCoreServices.framework */,
				5509E2AA147BA97D009498A4 /* SystemConfiguration.framework */,
				5509E24B147BA634009498A4 /* UIKit.framework */,
				5509E24D147BA634009498A4 /* Foundation.framework */,
				5509E24F147BA634009498A4 /* CoreGraphics.framework */,
			);
			name = Frameworks;
			sourceTree = "<group>";
		};
		5509E251147BA634009498A4 /* Foo */ = {
			isa = PBXGroup;
			children = (
				55B725B014838BAB006A93A7 /* Model */,
				550807791484AE0E009E126E /* Helper Classes */,
				5509E25A147BA634009498A4 /* AppDelegate.h */,
				5509E25B147BA634009498A4 /* AppDelegate.m */,
				5509E25D147BA634009498A4 /* FirstViewController.h */,
				5509E25E147BA634009498A4 /* FirstViewController.m */,
				5509E264147BA634009498A4 /* SecondViewController.h */,
				5509E265147BA634009498A4 /* SecondViewController.m */,
				5509E26B147BA634009498A4 /* FirstViewController.xib */,
				5509E26E147BA634009498A4 /* SecondViewController.xib */,
				5509E252147BA634009498A4 /* Supporting Files */,
			);
			path = Foo;
			sourceTree = "<group>";
		};
		5509E252147BA634009498A4 /* Supporting Files */ = {
			isa = PBXGroup;
			children = (
				55B725D01483A7D9006A93A7 /* Images */,
				55B7257814838269006A93A7 /* Icons */,
				5509E253147BA634009498A4 /* Foo-Info.plist */,
				5509E254147BA634009498A4 /* InfoPlist.strings */,
				5509E257147BA634009498A4 /* main.m */,
				5509E259147BA634009498A4 /* Foo-Prefix.pch */,
			);
			name = "Supporting Files";
			sourceTree = "<group>";
		};
		5509E277147BA79C009498A4 /* Products */ = {
			isa = PBXGroup;
			children = (
				5509E28B147BA79D009498A4 /* libRestKitNetwork.a */,
				5509E28D147BA79D009498A4 /* libRestKitObjectMapping.a */,
				5509E28F147BA79D009498A4 /* libRestKitSupport.a */,
				5509E291147BA79D009498A4 /* libRestKitJSONParserNXJSON.a */,
				5509E293147BA79D009498A4 /* libRestKitJSONParserYAJL.a */,
				5509E295147BA79D009498A4 /* libRestKitJSONParserSBJSON.a */,
				5509E297147BA79D009498A4 /* libRestKitJSONParserJSONKit.a */,
				5509E299147BA79D009498A4 /* libRestKitXMLParserLibxml.a */,
				5509E29B147BA79D009498A4 /* libRestKitCoreData.a */,
				5509E29D147BA79D009498A4 /* libRestKitThree20.a */,
				5509E29F147BA79D009498A4 /* RestKitSpecs.app */,
			);
			name = Products;
			sourceTree = "<group>";
		};
		5527DB43147F9FEB009883EB /* MKInfoBundle */ = {
			isa = PBXGroup;
			children = (
				5527DB44147F9FEB009883EB /* Blue.png */,
				5527DB45147F9FEB009883EB /* Blue@2x.png */,
				5527DB46147F9FEB009883EB /* MKInfoPanel.h */,
				5527DB47147F9FEB009883EB /* MKInfoPanel.m */,
				5527DB48147F9FEB009883EB /* MKInfoPanel.xib */,
				5527DB49147F9FEB009883EB /* Red.png */,
				5527DB4A147F9FEB009883EB /* Red@2x.png */,
				5527DB4B147F9FEB009883EB /* Tick.png */,
				5527DB4C147F9FEB009883EB /* Tick@2x.png */,
				5527DB4D147F9FEB009883EB /* Warning.png */,
				5527DB4E147F9FEB009883EB /* Warning@2x.png */,
			);
			path = MKInfoBundle;
			sourceTree = "<group>";
		};
		5527DB5F147FADBE009883EB /* Leah's Pull to Refresh */ = {
			isa = PBXGroup;
			children = (
				5527DB63147FADF7009883EB /* arrow.png */,
				5527DB60147FADDB009883EB /* PullRefreshTableViewController.h */,
				5527DB61147FADDB009883EB /* PullRefreshTableViewController.m */,
			);
			name = "Leah's Pull to Refresh";
			sourceTree = "<group>";
		};
		55B7257814838269006A93A7 /* Icons */ = {
			isa = PBXGroup;
			children = (
				55B725791483827B006A93A7 /* Icon-72.png */,
				55B7257A1483827B006A93A7 /* Icon-Small-50.png */,
				55B7257B1483827B006A93A7 /* Icon-Small.png */,
				55B7257C1483827B006A93A7 /* Icon-Small@2x.png */,
				55B7257D1483827B006A93A7 /* Icon.png */,
				55B7257E1483827B006A93A7 /* Icon@2x.png */,
			);
			name = Icons;
			sourceTree = "<group>";
		};
		55B725B014838BAB006A93A7 /* Model */ = {
			isa = PBXGroup;
			children = (
				55F4EFFA147E52FC00314E2F /* Foo.xcdatamodeld */,
				55B7257514834CC7006A93A7 /* Tweet.h */,
				55B7257614834CC7006A93A7 /* Tweet.m */,
				55B7257214834CC6006A93A7 /* User.h */,
				55B7257314834CC6006A93A7 /* User.m */,
			);
			name = Model;
			sourceTree = "<group>";
		};
		55B725D01483A7D9006A93A7 /* Images */ = {
			isa = PBXGroup;
			children = (
				5509E260147BA634009498A4 /* first.png */,
				5509E262147BA634009498A4 /* first@2x.png */,
				5509E267147BA634009498A4 /* second.png */,
				5509E269147BA634009498A4 /* second@2x.png */,
				55B725D51483AB4A006A93A7 /* tab_bg.png */,
			);
			name = Images;
			sourceTree = "<group>";
		};
/* End PBXGroup section */

/* Begin PBXNativeTarget section */
		5509E246147BA634009498A4 /* Foo */ = {
			isa = PBXNativeTarget;
			buildConfigurationList = 5509E273147BA634009498A4 /* Build configuration list for PBXNativeTarget "Foo" */;
			buildPhases = (
				5509E243147BA634009498A4 /* Sources */,
				5509E244147BA634009498A4 /* Frameworks */,
				5509E245147BA634009498A4 /* Resources */,
			);
			buildRules = (
			);
			dependencies = (
				5509E2A1147BA8D9009498A4 /* PBXTargetDependency */,
			);
			name = Foo;
			productName = Foo;
			productReference = 5509E247147BA634009498A4 /* Foo.app */;
			productType = "com.apple.product-type.application";
		};
/* End PBXNativeTarget section */

/* Begin PBXProject section */
		5509E23E147BA634009498A4 /* Project object */ = {
			isa = PBXProject;
			attributes = {
				LastUpgradeCheck = 0420;
				ORGANIZATIONNAME = Beetlebox;
			};
			buildConfigurationList = 5509E241147BA634009498A4 /* Build configuration list for PBXProject "Foo" */;
			compatibilityVersion = "Xcode 3.2";
			developmentRegion = English;
			hasScannedForEncodings = 0;
			knownRegions = (
				en,
			);
			mainGroup = 5509E23C147BA634009498A4;
			productRefGroup = 5509E248147BA634009498A4 /* Products */;
			projectDirPath = "";
			projectReferences = (
				{
					ProductGroup = 5509E277147BA79C009498A4 /* Products */;
					ProjectRef = 5509E276147BA79C009498A4 /* RestKit.xcodeproj */;
				},
			);
			projectRoot = "";
			targets = (
				5509E246147BA634009498A4 /* Foo */,
			);
		};
/* End PBXProject section */

/* Begin PBXReferenceProxy section */
		5509E28B147BA79D009498A4 /* libRestKitNetwork.a */ = {
			isa = PBXReferenceProxy;
			fileType = archive.ar;
			path = libRestKitNetwork.a;
			remoteRef = 5509E28A147BA79D009498A4 /* PBXContainerItemProxy */;
			sourceTree = BUILT_PRODUCTS_DIR;
		};
		5509E28D147BA79D009498A4 /* libRestKitObjectMapping.a */ = {
			isa = PBXReferenceProxy;
			fileType = archive.ar;
			path = libRestKitObjectMapping.a;
			remoteRef = 5509E28C147BA79D009498A4 /* PBXContainerItemProxy */;
			sourceTree = BUILT_PRODUCTS_DIR;
		};
		5509E28F147BA79D009498A4 /* libRestKitSupport.a */ = {
			isa = PBXReferenceProxy;
			fileType = archive.ar;
			path = libRestKitSupport.a;
			remoteRef = 5509E28E147BA79D009498A4 /* PBXContainerItemProxy */;
			sourceTree = BUILT_PRODUCTS_DIR;
		};
		5509E291147BA79D009498A4 /* libRestKitJSONParserNXJSON.a */ = {
			isa = PBXReferenceProxy;
			fileType = archive.ar;
			path = libRestKitJSONParserNXJSON.a;
			remoteRef = 5509E290147BA79D009498A4 /* PBXContainerItemProxy */;
			sourceTree = BUILT_PRODUCTS_DIR;
		};
		5509E293147BA79D009498A4 /* libRestKitJSONParserYAJL.a */ = {
			isa = PBXReferenceProxy;
			fileType = archive.ar;
			path = libRestKitJSONParserYAJL.a;
			remoteRef = 5509E292147BA79D009498A4 /* PBXContainerItemProxy */;
			sourceTree = BUILT_PRODUCTS_DIR;
		};
		5509E295147BA79D009498A4 /* libRestKitJSONParserSBJSON.a */ = {
			isa = PBXReferenceProxy;
			fileType = archive.ar;
			path = libRestKitJSONParserSBJSON.a;
			remoteRef = 5509E294147BA79D009498A4 /* PBXContainerItemProxy */;
			sourceTree = BUILT_PRODUCTS_DIR;
		};
		5509E297147BA79D009498A4 /* libRestKitJSONParserJSONKit.a */ = {
			isa = PBXReferenceProxy;
			fileType = archive.ar;
			path = libRestKitJSONParserJSONKit.a;
			remoteRef = 5509E296147BA79D009498A4 /* PBXContainerItemProxy */;
			sourceTree = BUILT_PRODUCTS_DIR;
		};
		5509E299147BA79D009498A4 /* libRestKitXMLParserLibxml.a */ = {
			isa = PBXReferenceProxy;
			fileType = archive.ar;
			path = libRestKitXMLParserLibxml.a;
			remoteRef = 5509E298147BA79D009498A4 /* PBXContainerItemProxy */;
			sourceTree = BUILT_PRODUCTS_DIR;
		};
		5509E29B147BA79D009498A4 /* libRestKitCoreData.a */ = {
			isa = PBXReferenceProxy;
			fileType = archive.ar;
			path = libRestKitCoreData.a;
			remoteRef = 5509E29A147BA79D009498A4 /* PBXContainerItemProxy */;
			sourceTree = BUILT_PRODUCTS_DIR;
		};
		5509E29D147BA79D009498A4 /* libRestKitThree20.a */ = {
			isa = PBXReferenceProxy;
			fileType = archive.ar;
			path = libRestKitThree20.a;
			remoteRef = 5509E29C147BA79D009498A4 /* PBXContainerItemProxy */;
			sourceTree = BUILT_PRODUCTS_DIR;
		};
		5509E29F147BA79D009498A4 /* RestKitSpecs.app */ = {
			isa = PBXReferenceProxy;
			fileType = wrapper.application;
			path = RestKitSpecs.app;
			remoteRef = 5509E29E147BA79D009498A4 /* PBXContainerItemProxy */;
			sourceTree = BUILT_PRODUCTS_DIR;
		};
/* End PBXReferenceProxy section */

/* Begin PBXResourcesBuildPhase section */
		5509E245147BA634009498A4 /* Resources */ = {
			isa = PBXResourcesBuildPhase;
			buildActionMask = 2147483647;
			files = (
				5509E256147BA634009498A4 /* InfoPlist.strings in Resources */,
				5509E261147BA634009498A4 /* first.png in Resources */,
				5509E263147BA634009498A4 /* first@2x.png in Resources */,
				5509E268147BA634009498A4 /* second.png in Resources */,
				5509E26A147BA634009498A4 /* second@2x.png in Resources */,
				5509E26D147BA634009498A4 /* FirstViewController.xib in Resources */,
				5509E270147BA634009498A4 /* SecondViewController.xib in Resources */,
				5527DB4F147F9FEB009883EB /* Blue.png in Resources */,
				5527DB50147F9FEB009883EB /* Blue@2x.png in Resources */,
				5527DB52147F9FEB009883EB /* MKInfoPanel.xib in Resources */,
				5527DB53147F9FEB009883EB /* Red.png in Resources */,
				5527DB54147F9FEB009883EB /* Red@2x.png in Resources */,
				5527DB55147F9FEB009883EB /* Tick.png in Resources */,
				5527DB56147F9FEB009883EB /* Tick@2x.png in Resources */,
				5527DB57147F9FEB009883EB /* Warning.png in Resources */,
				5527DB58147F9FEB009883EB /* Warning@2x.png in Resources */,
				5527DB64147FADF7009883EB /* arrow.png in Resources */,
				55B7257F1483827B006A93A7 /* Icon-72.png in Resources */,
				55B725801483827B006A93A7 /* Icon-Small-50.png in Resources */,
				55B725811483827B006A93A7 /* Icon-Small.png in Resources */,
				55B725821483827B006A93A7 /* Icon-Small@2x.png in Resources */,
				55B725831483827B006A93A7 /* Icon.png in Resources */,
				55B725841483827B006A93A7 /* Icon@2x.png in Resources */,
				55B725D61483AB4A006A93A7 /* tab_bg.png in Resources */,
			);
			runOnlyForDeploymentPostprocessing = 0;
		};
/* End PBXResourcesBuildPhase section */

/* Begin PBXSourcesBuildPhase section */
		5509E243147BA634009498A4 /* Sources */ = {
			isa = PBXSourcesBuildPhase;
			buildActionMask = 2147483647;
			files = (
				5509E258147BA634009498A4 /* main.m in Sources */,
				5509E25C147BA634009498A4 /* AppDelegate.m in Sources */,
				5509E25F147BA634009498A4 /* FirstViewController.m in Sources */,
				5509E266147BA634009498A4 /* SecondViewController.m in Sources */,
				55F4EFFC147E52FC00314E2F /* Foo.xcdatamodeld in Sources */,
				5527DB51147F9FEB009883EB /* MKInfoPanel.m in Sources */,
				5527DB62147FADDB009883EB /* PullRefreshTableViewController.m in Sources */,
				55B7257414834CC6006A93A7 /* User.m in Sources */,
				55B7257714834CC7006A93A7 /* Tweet.m in Sources */,
				550807761484ADEC009E126E /* FastCell.m in Sources */,
				550807771484ADEC009E126E /* VariableHeightCell.m in Sources */,
			);
			runOnlyForDeploymentPostprocessing = 0;
		};
/* End PBXSourcesBuildPhase section */

/* Begin PBXTargetDependency section */
		5509E2A1147BA8D9009498A4 /* PBXTargetDependency */ = {
			isa = PBXTargetDependency;
			name = RestKit;
			targetProxy = 5509E2A0147BA8D9009498A4 /* PBXContainerItemProxy */;
		};
/* End PBXTargetDependency section */

/* Begin PBXVariantGroup section */
		5509E254147BA634009498A4 /* InfoPlist.strings */ = {
			isa = PBXVariantGroup;
			children = (
				5509E255147BA634009498A4 /* en */,
			);
			name = InfoPlist.strings;
			sourceTree = "<group>";
		};
		5509E26B147BA634009498A4 /* FirstViewController.xib */ = {
			isa = PBXVariantGroup;
			children = (
				5509E26C147BA634009498A4 /* en */,
			);
			name = FirstViewController.xib;
			sourceTree = "<group>";
		};
		5509E26E147BA634009498A4 /* SecondViewController.xib */ = {
			isa = PBXVariantGroup;
			children = (
				5509E26F147BA634009498A4 /* en */,
			);
			name = SecondViewController.xib;
			sourceTree = "<group>";
		};
/* End PBXVariantGroup section */

/* Begin XCBuildConfiguration section */
		5509E271147BA634009498A4 /* Debug */ = {
			isa = XCBuildConfiguration;
			buildSettings = {
				ALWAYS_SEARCH_USER_PATHS = NO;
				ARCHS = "$(ARCHS_STANDARD_32_BIT)";
				CLANG_ENABLE_OBJC_ARC = YES;
				"CODE_SIGN_IDENTITY[sdk=iphoneos*]" = "iPhone Developer";
				COPY_PHASE_STRIP = NO;
				GCC_C_LANGUAGE_STANDARD = gnu99;
				GCC_DYNAMIC_NO_PIC = NO;
				GCC_OPTIMIZATION_LEVEL = 0;
				GCC_PREPROCESSOR_DEFINITIONS = (
					"DEBUG=1",
					"$(inherited)",
				);
				GCC_SYMBOLS_PRIVATE_EXTERN = NO;
				GCC_VERSION = com.apple.compilers.llvm.clang.1_0;
				GCC_WARN_ABOUT_MISSING_PROTOTYPES = YES;
				GCC_WARN_ABOUT_RETURN_TYPE = YES;
				GCC_WARN_UNUSED_VARIABLE = YES;
				IPHONEOS_DEPLOYMENT_TARGET = 5.0;
				SDKROOT = iphoneos;
			};
			name = Debug;
		};
		5509E272147BA634009498A4 /* Release */ = {
			isa = XCBuildConfiguration;
			buildSettings = {
				ALWAYS_SEARCH_USER_PATHS = NO;
				ARCHS = "$(ARCHS_STANDARD_32_BIT)";
				CLANG_ENABLE_OBJC_ARC = YES;
				"CODE_SIGN_IDENTITY[sdk=iphoneos*]" = "iPhone Developer";
				COPY_PHASE_STRIP = YES;
				GCC_C_LANGUAGE_STANDARD = gnu99;
				GCC_VERSION = com.apple.compilers.llvm.clang.1_0;
				GCC_WARN_ABOUT_MISSING_PROTOTYPES = YES;
				GCC_WARN_ABOUT_RETURN_TYPE = YES;
				GCC_WARN_UNUSED_VARIABLE = YES;
				IPHONEOS_DEPLOYMENT_TARGET = 5.0;
				OTHER_CFLAGS = "-DNS_BLOCK_ASSERTIONS=1";
				SDKROOT = iphoneos;
				VALIDATE_PRODUCT = YES;
			};
			name = Release;
		};
		5509E274147BA634009498A4 /* Debug */ = {
			isa = XCBuildConfiguration;
			buildSettings = {
				GCC_PRECOMPILE_PREFIX_HEADER = YES;
				GCC_PREFIX_HEADER = "Foo/Foo-Prefix.pch";
				HEADER_SEARCH_PATHS = "\"$(SOURCE_ROOT)/RestKit/Build\"";
				INFOPLIST_FILE = "Foo/Foo-Info.plist";
				OTHER_LDFLAGS = "-ObjC";
				PRODUCT_NAME = "$(TARGET_NAME)";
				WRAPPER_EXTENSION = app;
			};
			name = Debug;
		};
		5509E275147BA634009498A4 /* Release */ = {
			isa = XCBuildConfiguration;
			buildSettings = {
				GCC_PRECOMPILE_PREFIX_HEADER = YES;
				GCC_PREFIX_HEADER = "Foo/Foo-Prefix.pch";
				HEADER_SEARCH_PATHS = "\"$(SOURCE_ROOT)/RestKit/Build\"";
				INFOPLIST_FILE = "Foo/Foo-Info.plist";
				OTHER_LDFLAGS = "-ObjC";
				PRODUCT_NAME = "$(TARGET_NAME)";
				WRAPPER_EXTENSION = app;
			};
			name = Release;
		};
/* End XCBuildConfiguration section */

/* Begin XCConfigurationList section */
		5509E241147BA634009498A4 /* Build configuration list for PBXProject "Foo" */ = {
			isa = XCConfigurationList;
			buildConfigurations = (
				5509E271147BA634009498A4 /* Debug */,
				5509E272147BA634009498A4 /* Release */,
			);
			defaultConfigurationIsVisible = 0;
			defaultConfigurationName = Release;
		};
		5509E273147BA634009498A4 /* Build configuration list for PBXNativeTarget "Foo" */ = {
			isa = XCConfigurationList;
			buildConfigurations = (
				5509E274147BA634009498A4 /* Debug */,
				5509E275147BA634009498A4 /* Release */,
			);
			defaultConfigurationIsVisible = 0;
			defaultConfigurationName = Release;
		};
/* End XCConfigurationList section */

/* Begin XCVersionGroup section */
		55F4EFFA147E52FC00314E2F /* Foo.xcdatamodeld */ = {
			isa = XCVersionGroup;
			children = (
				55F4EFFD147E545700314E2F /* Foo 2.xcdatamodel */,
				55F4EFFB147E52FC00314E2F /* Foo.xcdatamodel */,
			);
			currentVersion = 55F4EFFB147E52FC00314E2F /* Foo.xcdatamodel */;
			path = Foo.xcdatamodeld;
			sourceTree = "<group>";
			versionGroupType = wrapper.xcdatamodel;
		};
/* End XCVersionGroup section */
	};
	rootObject = 5509E23E147BA634009498A4 /* Project object */;
}
